
Microsoft Visual Studio Solution File, Format Version 12.00
# Visual Studio Version 17
VisualStudioVersion = 17.6.33723.286
MinimumVisualStudioVersion = 10.0.40219.1
Project("{FAE04EC0-301F-11D3-BF4B-00C04F79EFBC}") = "Datatable-MVC", "Datatable-MVC\Datatable-MVC.csproj", "{56FB333B-AD01-4CC9-926E-79E34D629B71}"
EndProject
Global
	GlobalSection(SolutionConfigurationPlatforms) = preSolution
		Debug|Any CPU = Debug|Any CPU
		Release|Any CPU = Release|Any CPU
	EndGlobalSection
	GlobalSection(ProjectConfigurationPlatforms) = postSolution
		{56FB333B-AD01-4CC9-926E-79E34D629B71}.Debug|Any CPU.ActiveCfg = Debug|Any CPU
		{56FB333B-AD01-4CC9-926E-79E34D629B71}.Debug|Any CPU.Build.0 = Debug|Any CPU
		{56FB333B-AD01-4CC9-926E-79E34D629B71}.Release|Any CPU.ActiveCfg = Release|Any CPU
		{56FB333B-AD01-4CC9-926E-79E34D629B71}.Release|Any CPU.Build.0 = Release|Any CPU
	EndGlobalSection
	GlobalSection(SolutionProperties) = preSolution
		HideSolutionNode = FALSE
	EndGlobalSection
	GlobalSection(ExtensibilityGlobals) = postSolution
		SolutionGuid = {8E15F90D-EEE6-4122-ACAA-D2CCB1EDC616}
	EndGlobalSection
EndGlobal
